
Microsoft Visual Studio Solution File, Format Version 12.00
# Visual Studio 15
Project("{FAE04EC0-301F-11D3-BF4B-00C04F79EFBC}") = "Assembly-CSharp", "Assembly-CSharp.csproj", "{C7E99069-1D6F-DC08-2FDC-F1273DB72312}"
EndProject
Project("{FAE04EC0-301F-11D3-BF4B-00C04F79EFBC}") = "UnityEngine.TestRunner", "UnityEngine.TestRunner.csproj", "{5B37FD4D-DD12-2ADB-C13F-AFC06F98BB07}"
EndProject
Project("{FAE04EC0-301F-11D3-BF4B-00C04F79EFBC}") = "UnityEngine.UI", "UnityEngine.UI.csproj", "{74D6BF06-BE3E-5979-291C-7B8C2337E92D}"
EndProject
Project("{FAE04EC0-301F-11D3-BF4B-00C04F79EFBC}") = "Unity.VisualScripting.State", "Unity.VisualScripting.State.csproj", "{5CDA7580-E008-636A-3050-578E455C6B28}"
EndProject
Project("{FAE04EC0-301F-11D3-BF4B-00C04F79EFBC}") = "Unity.VisualScripting.Core", "Unity.VisualScripting.Core.csproj", "{C25A4A36-E904-E965-62C4-4EE2F2671781}"
EndProject
Project("{FAE04EC0-301F-11D3-BF4B-00C04F79EFBC}") = "Unity.VisualScripting.Flow", "Unity.VisualScripting.Flow.csproj", "{74736422-DD13-DD3C-1BAD-449BB63A2A27}"
EndProject
Project("{FAE04EC0-301F-11D3-BF4B-00C04F79EFBC}") = "Unity.TextMeshPro", "Unity.TextMeshPro.csproj", "{DD98853C-D03D-05B3-D5AC-72D41C8BC195}"
EndProject
Project("{FAE04EC0-301F-11D3-BF4B-00C04F79EFBC}") = "Unity.Timeline", "Unity.Timeline.csproj", "{E881D1D0-881E-14C1-7B90-641A49E61785}"
EndProject
Project("{FAE04EC0-301F-11D3-BF4B-00C04F79EFBC}") = "Unity.Recorder", "Unity.Recorder.csproj", "{503224E3-0C33-AA63-6AFB-C70019D63052}"
EndProject
Project("{FAE04EC0-301F-11D3-BF4B-00C04F79EFBC}") = "Unity.Recorder.Base", "Unity.Recorder.Base.csproj", "{BE5DD339-4647-38A3-B975-998A4FDCADFB}"
EndProject
Project("{FAE04EC0-301F-11D3-BF4B-00C04F79EFBC}") = "Unity.VisualScripting.Core.Editor", "Unity.VisualScripting.Core.Editor.csproj", "{84E6AB14-C3DA-30E0-92E1-E2E6F68EA06F}"
EndProject
Project("{FAE04EC0-301F-11D3-BF4B-00C04F79EFBC}") = "Unity.PlasticSCM.Editor", "Unity.PlasticSCM.Editor.csproj", "{A68A61A4-0BD4-FE90-001D-0DC2255DBEA1}"
EndProject
Project("{FAE04EC0-301F-11D3-BF4B-00C04F79EFBC}") = "Unity.VisualStudio.Editor", "Unity.VisualStudio.Editor.csproj", "{38BA7598-8C1A-78D1-82E0-AD315E529483}"
EndProject
Project("{FAE04EC0-301F-11D3-BF4B-00C04F79EFBC}") = "Unity.Timeline.Editor", "Unity.Timeline.Editor.csproj", "{2123DD75-3F74-8D17-C700-52FC6BE236DC}"
EndProject
Project("{FAE04EC0-301F-11D3-BF4B-00C04F79EFBC}") = "Unity.Recorder.Editor", "Unity.Recorder.Editor.csproj", "{543F5B97-5EDF-5975-7D63-6821DDD56511}"
EndProject
Project("{FAE04EC0-301F-11D3-BF4B-00C04F79EFBC}") = "Unity.VisualScripting.State.Editor", "Unity.VisualScripting.State.Editor.csproj", "{875E19B8-6444-139E-3AC6-44B4AC16E9E4}"
EndProject
Project("{FAE04EC0-301F-11D3-BF4B-00C04F79EFBC}") = "Unity.TextMeshPro.Editor", "Unity.TextMeshPro.Editor.csproj", "{AB0275B3-EB3D-DDF3-D3DF-FB8023A35E08}"
EndProject
Project("{FAE04EC0-301F-11D3-BF4B-00C04F79EFBC}") = "VSSettingsProvider", "VSSettingsProvider.csproj", "{FDEC6867-B67F-AF12-4D11-BE5A0A547846}"
EndProject
Project("{FAE04EC0-301F-11D3-BF4B-00C04F79EFBC}") = "Unity.CollabProxy.Editor", "Unity.CollabProxy.Editor.csproj", "{6F659833-04F1-BC82-8C52-9494124590C1}"
EndProject
Project("{FAE04EC0-301F-11D3-BF4B-00C04F79EFBC}") = "UnityEditor.TestRunner", "UnityEditor.TestRunner.csproj", "{435718E1-FEE3-29D5-4F07-06FF9AAF36C0}"
EndProject
Project("{FAE04EC0-301F-11D3-BF4B-00C04F79EFBC}") = "Unity.VisualScripting.Flow.Editor", "Unity.VisualScripting.Flow.Editor.csproj", "{E920FF23-8536-0CC7-307C-72D75666D12C}"
EndProject
Project("{FAE04EC0-301F-11D3-BF4B-00C04F79EFBC}") = "Unity.Rider.Editor", "Unity.Rider.Editor.csproj", "{AF6A87A5-AB3B-4404-F2EC-F31D046B4B4B}"
EndProject
Project("{FAE04EC0-301F-11D3-BF4B-00C04F79EFBC}") = "Unity.VSCode.Editor", "Unity.VSCode.Editor.csproj", "{38AC8B3C-AE42-104A-1048-564EB1910F69}"
EndProject
Project("{FAE04EC0-301F-11D3-BF4B-00C04F79EFBC}") = "UnityEditor.UI", "UnityEditor.UI.csproj", "{0ADAB89F-829D-B8BE-4188-1E6B83338773}"
EndProject
Project("{FAE04EC0-301F-11D3-BF4B-00C04F79EFBC}") = "Assembly-CSharp", "Assembly-CSharp.Player.csproj", "{1FF30F61-BD6F-1140-4B9D-613FC8D67DB8}"
EndProject
Project("{FAE04EC0-301F-11D3-BF4B-00C04F79EFBC}") = "UnityEngine.TestRunner", "UnityEngine.TestRunner.Player.csproj", "{F07DF66A-56DA-AE60-BD88-EA3F8CA8BE2D}"
EndProject
Project("{FAE04EC0-301F-11D3-BF4B-00C04F79EFBC}") = "UnityEngine.UI", "UnityEngine.UI.Player.csproj", "{5C25ADD7-CD79-EA57-50CE-2C312F27FE37}"
EndProject
Project("{FAE04EC0-301F-11D3-BF4B-00C04F79EFBC}") = "Unity.VisualScripting.State", "Unity.VisualScripting.State.Player.csproj", "{AB454FB9-9B5A-3A7D-9D2F-01ABEE906F56}"
EndProject
Project("{FAE04EC0-301F-11D3-BF4B-00C04F79EFBC}") = "Unity.VisualScripting.Core", "Unity.VisualScripting.Core.Player.csproj", "{5A6032FB-37EF-0314-8C1E-EC949CB9AF2F}"
EndProject
Project("{FAE04EC0-301F-11D3-BF4B-00C04F79EFBC}") = "Unity.VisualScripting.Flow", "Unity.VisualScripting.Flow.Player.csproj", "{736B8598-B096-F556-A23C-8246A7B1C6F8}"
EndProject
Project("{FAE04EC0-301F-11D3-BF4B-00C04F79EFBC}") = "Unity.TextMeshPro", "Unity.TextMeshPro.Player.csproj", "{A9ADAC64-55F4-0FE1-7D19-7EBB5B0B311E}"
EndProject
Project("{FAE04EC0-301F-11D3-BF4B-00C04F79EFBC}") = "Unity.Timeline", "Unity.Timeline.Player.csproj", "{D2B21EAE-DAA7-D706-8834-720361C0DB01}"
EndProject
Project("{FAE04EC0-301F-11D3-BF4B-00C04F79EFBC}") = "Unity.Recorder", "Unity.Recorder.Player.csproj", "{7894FB10-37EB-0B2D-1D03-A534F8C716FA}"
EndProject
Project("{FAE04EC0-301F-11D3-BF4B-00C04F79EFBC}") = "Unity.Recorder.Base", "Unity.Recorder.Base.Player.csproj", "{72F3BA85-B7E9-F69C-13B8-3D2B7D158BF8}"
EndProject
Global
	GlobalSection(SolutionConfigurationPlatforms) = preSolution
		Debug|Any CPU = Debug|Any CPU
		Release|Any CPU = Release|Any CPU
	EndGlobalSection
	GlobalSection(ProjectConfigurationPlatforms) = postSolution
		{C7E99069-1D6F-DC08-2FDC-F1273DB72312}.Debug|Any CPU.ActiveCfg = Debug|Any CPU
		{C7E99069-1D6F-DC08-2FDC-F1273DB72312}.Debug|Any CPU.Build.0 = Debug|Any CPU
		{C7E99069-1D6F-DC08-2FDC-F1273DB72312}.Release|Any CPU.ActiveCfg = Release|Any CPU
		{C7E99069-1D6F-DC08-2FDC-F1273DB72312}.Release|Any CPU.Build.0 = Release|Any CPU
		{5B37FD4D-DD12-2ADB-C13F-AFC06F98BB07}.Debug|Any CPU.ActiveCfg = Debug|Any CPU
		{5B37FD4D-DD12-2ADB-C13F-AFC06F98BB07}.Debug|Any CPU.Build.0 = Debug|Any CPU
		{5B37FD4D-DD12-2ADB-C13F-AFC06F98BB07}.Release|Any CPU.ActiveCfg = Release|Any CPU
		{5B37FD4D-DD12-2ADB-C13F-AFC06F98BB07}.Release|Any CPU.Build.0 = Release|Any CPU
		{74D6BF06-BE3E-5979-291C-7B8C2337E92D}.Debug|Any CPU.ActiveCfg = Debug|Any CPU
		{74D6BF06-BE3E-5979-291C-7B8C2337E92D}.Debug|Any CPU.Build.0 = Debug|Any CPU
		{74D6BF06-BE3E-5979-291C-7B8C2337E92D}.Release|Any CPU.ActiveCfg = Release|Any CPU
		{74D6BF06-BE3E-5979-291C-7B8C2337E92D}.Release|Any CPU.Build.0 = Release|Any CPU
		{5CDA7580-E008-636A-3050-578E455C6B28}.Debug|Any CPU.ActiveCfg = Debug|Any CPU
		{5CDA7580-E008-636A-3050-578E455C6B28}.Debug|Any CPU.Build.0 = Debug|Any CPU
		{5CDA7580-E008-636A-3050-578E455C6B28}.Release|Any CPU.ActiveCfg = Release|Any CPU
		{5CDA7580-E008-636A-3050-578E455C6B28}.Release|Any CPU.Build.0 = Release|Any CPU
		{C25A4A36-E904-E965-62C4-4EE2F2671781}.Debug|Any CPU.ActiveCfg = Debug|Any CPU
		{C25A4A36-E904-E965-62C4-4EE2F2671781}.Debug|Any CPU.Build.0 = Debug|Any CPU
		{C25A4A36-E904-E965-62C4-4EE2F2671781}.Release|Any CPU.ActiveCfg = Release|Any CPU
		{C25A4A36-E904-E965-62C4-4EE2F2671781}.Release|Any CPU.Build.0 = Release|Any CPU
		{74736422-DD13-DD3C-1BAD-449BB63A2A27}.Debug|Any CPU.ActiveCfg = Debug|Any CPU
		{74736422-DD13-DD3C-1BAD-449BB63A2A27}.Debug|Any CPU.Build.0 = Debug|Any CPU
		{74736422-DD13-DD3C-1BAD-449BB63A2A27}.Release|Any CPU.ActiveCfg = Release|Any CPU
		{74736422-DD13-DD3C-1BAD-449BB63A2A27}.Release|Any CPU.Build.0 = Release|Any CPU
		{DD98853C-D03D-05B3-D5AC-72D41C8BC195}.Debug|Any CPU.ActiveCfg = Debug|Any CPU
		{DD98853C-D03D-05B3-D5AC-72D41C8BC195}.Debug|Any CPU.Build.0 = Debug|Any CPU
		{DD98853C-D03D-05B3-D5AC-72D41C8BC195}.Release|Any CPU.ActiveCfg = Release|Any CPU
		{DD98853C-D03D-05B3-D5AC-72D41C8BC195}.Release|Any CPU.Build.0 = Release|Any CPU
		{E881D1D0-881E-14C1-7B90-641A49E61785}.Debug|Any CPU.ActiveCfg = Debug|Any CPU
		{E881D1D0-881E-14C1-7B90-641A49E61785}.Debug|Any CPU.Build.0 = Debug|Any CPU
		{E881D1D0-881E-14C1-7B90-641A49E61785}.Release|Any CPU.ActiveCfg = Release|Any CPU
		{E881D1D0-881E-14C1-7B90-641A49E61785}.Release|Any CPU.Build.0 = Release|Any CPU
		{503224E3-0C33-AA63-6AFB-C70019D63052}.Debug|Any CPU.ActiveCfg = Debug|Any CPU
		{503224E3-0C33-AA63-6AFB-C70019D63052}.Debug|Any CPU.Build.0 = Debug|Any CPU
		{503224E3-0C33-AA63-6AFB-C70019D63052}.Release|Any CPU.ActiveCfg = Release|Any CPU
		{503224E3-0C33-AA63-6AFB-C70019D63052}.Release|Any CPU.Build.0 = Release|Any CPU
		{BE5DD339-4647-38A3-B975-998A4FDCADFB}.Debug|Any CPU.ActiveCfg = Debug|Any CPU
		{BE5DD339-4647-38A3-B975-998A4FDCADFB}.Debug|Any CPU.Build.0 = Debug|Any CPU
		{BE5DD339-4647-38A3-B975-998A4FDCADFB}.Release|Any CPU.ActiveCfg = Release|Any CPU
		{BE5DD339-4647-38A3-B975-998A4FDCADFB}.Release|Any CPU.Build.0 = Release|Any CPU
		{84E6AB14-C3DA-30E0-92E1-E2E6F68EA06F}.Debug|Any CPU.ActiveCfg = Debug|Any CPU
		{84E6AB14-C3DA-30E0-92E1-E2E6F68EA06F}.Debug|Any CPU.Build.0 = Debug|Any CPU
		{84E6AB14-C3DA-30E0-92E1-E2E6F68EA06F}.Release|Any CPU.ActiveCfg = Release|Any CPU
		{84E6AB14-C3DA-30E0-92E1-E2E6F68EA06F}.Release|Any CPU.Build.0 = Release|Any CPU
		{A68A61A4-0BD4-FE90-001D-0DC2255DBEA1}.Debug|Any CPU.ActiveCfg = Debug|Any CPU
		{A68A61A4-0BD4-FE90-001D-0DC2255DBEA1}.Debug|Any CPU.Build.0 = Debug|Any CPU
		{A68A61A4-0BD4-FE90-001D-0DC2255DBEA1}.Release|Any CPU.ActiveCfg = Release|Any CPU
		{A68A61A4-0BD4-FE90-001D-0DC2255DBEA1}.Release|Any CPU.Build.0 = Release|Any CPU
		{38BA7598-8C1A-78D1-82E0-AD315E529483}.Debug|Any CPU.ActiveCfg = Debug|Any CPU
		{38BA7598-8C1A-78D1-82E0-AD315E529483}.Debug|Any CPU.Build.0 = Debug|Any CPU
		{38BA7598-8C1A-78D1-82E0-AD315E529483}.Release|Any CPU.ActiveCfg = Release|Any CPU
		{38BA7598-8C1A-78D1-82E0-AD315E529483}.Release|Any CPU.Build.0 = Release|Any CPU
		{2123DD75-3F74-8D17-C700-52FC6BE236DC}.Debug|Any CPU.ActiveCfg = Debug|Any CPU
		{2123DD75-3F74-8D17-C700-52FC6BE236DC}.Debug|Any CPU.Build.0 = Debug|Any CPU
		{2123DD75-3F74-8D17-C700-52FC6BE236DC}.Release|Any CPU.ActiveCfg = Release|Any CPU
		{2123DD75-3F74-8D17-C700-52FC6BE236DC}.Release|Any CPU.Build.0 = Release|Any CPU
		{543F5B97-5EDF-5975-7D63-6821DDD56511}.Debug|Any CPU.ActiveCfg = Debug|Any CPU
		{543F5B97-5EDF-5975-7D63-6821DDD56511}.Debug|Any CPU.Build.0 = Debug|Any CPU
		{543F5B97-5EDF-5975-7D63-6821DDD56511}.Release|Any CPU.ActiveCfg = Release|Any CPU
		{543F5B97-5EDF-5975-7D63-6821DDD56511}.Release|Any CPU.Build.0 = Release|Any CPU
		{875E19B8-6444-139E-3AC6-44B4AC16E9E4}.Debug|Any CPU.ActiveCfg = Debug|Any CPU
		{875E19B8-6444-139E-3AC6-44B4AC16E9E4}.Debug|Any CPU.Build.0 = Debug|Any CPU
		{875E19B8-6444-139E-3AC6-44B4AC16E9E4}.Release|Any CPU.ActiveCfg = Release|Any CPU
		{875E19B8-6444-139E-3AC6-44B4AC16E9E4}.Release|Any CPU.Build.0 = Release|Any CPU
		{AB0275B3-EB3D-DDF3-D3DF-FB8023A35E08}.Debug|Any CPU.ActiveCfg = Debug|Any CPU
		{AB0275B3-EB3D-DDF3-D3DF-FB8023A35E08}.Debug|Any CPU.Build.0 = Debug|Any CPU
		{AB0275B3-EB3D-DDF3-D3DF-FB8023A35E08}.Release|Any CPU.ActiveCfg = Release|Any CPU
		{AB0275B3-EB3D-DDF3-D3DF-FB8023A35E08}.Release|Any CPU.Build.0 = Release|Any CPU
		{FDEC6867-B67F-AF12-4D11-BE5A0A547846}.Debug|Any CPU.ActiveCfg = Debug|Any CPU
		{FDEC6867-B67F-AF12-4D11-BE5A0A547846}.Debug|Any CPU.Build.0 = Debug|Any CPU
		{FDEC6867-B67F-AF12-4D11-BE5A0A547846}.Release|Any CPU.ActiveCfg = Release|Any CPU
		{FDEC6867-B67F-AF12-4D11-BE5A0A547846}.Release|Any CPU.Build.0 = Release|Any CPU
		{6F659833-04F1-BC82-8C52-9494124590C1}.Debug|Any CPU.ActiveCfg = Debug|Any CPU
		{6F659833-04F1-BC82-8C52-9494124590C1}.Debug|Any CPU.Build.0 = Debug|Any CPU
		{6F659833-04F1-BC82-8C52-9494124590C1}.Release|Any CPU.ActiveCfg = Release|Any CPU
		{6F659833-04F1-BC82-8C52-9494124590C1}.Release|Any CPU.Build.0 = Release|Any CPU
		{435718E1-FEE3-29D5-4F07-06FF9AAF36C0}.Debug|Any CPU.ActiveCfg = Debug|Any CPU
		{435718E1-FEE3-29D5-4F07-06FF9AAF36C0}.Debug|Any CPU.Build.0 = Debug|Any CPU
		{435718E1-FEE3-29D5-4F07-06FF9AAF36C0}.Release|Any CPU.ActiveCfg = Release|Any CPU
		{435718E1-FEE3-29D5-4F07-06FF9AAF36C0}.Release|Any CPU.Build.0 = Release|Any CPU
		{E920FF23-8536-0CC7-307C-72D75666D12C}.Debug|Any CPU.ActiveCfg = Debug|Any CPU
		{E920FF23-8536-0CC7-307C-72D75666D12C}.Debug|Any CPU.Build.0 = Debug|Any CPU
		{E920FF23-8536-0CC7-307C-72D75666D12C}.Release|Any CPU.ActiveCfg = Release|Any CPU
		{E920FF23-8536-0CC7-307C-72D75666D12C}.Release|Any CPU.Build.0 = Release|Any CPU
		{AF6A87A5-AB3B-4404-F2EC-F31D046B4B4B}.Debug|Any CPU.ActiveCfg = Debug|Any CPU
		{AF6A87A5-AB3B-4404-F2EC-F31D046B4B4B}.Debug|Any CPU.Build.0 = Debug|Any CPU
		{AF6A87A5-AB3B-4404-F2EC-F31D046B4B4B}.Release|Any CPU.ActiveCfg = Release|Any CPU
		{AF6A87A5-AB3B-4404-F2EC-F31D046B4B4B}.Release|Any CPU.Build.0 = Release|Any CPU
		{38AC8B3C-AE42-104A-1048-564EB1910F69}.Debug|Any CPU.ActiveCfg = Debug|Any CPU
		{38AC8B3C-AE42-104A-1048-564EB1910F69}.Debug|Any CPU.Build.0 = Debug|Any CPU
		{38AC8B3C-AE42-104A-1048-564EB1910F69}.Release|Any CPU.ActiveCfg = Release|Any CPU
		{38AC8B3C-AE42-104A-1048-564EB1910F69}.Release|Any CPU.Build.0 = Release|Any CPU
		{0ADAB89F-829D-B8BE-4188-1E6B83338773}.Debug|Any CPU.ActiveCfg = Debug|Any CPU
		{0ADAB89F-829D-B8BE-4188-1E6B83338773}.Debug|Any CPU.Build.0 = Debug|Any CPU
		{0ADAB89F-829D-B8BE-4188-1E6B83338773}.Release|Any CPU.ActiveCfg = Release|Any CPU
		{0ADAB89F-829D-B8BE-4188-1E6B83338773}.Release|Any CPU.Build.0 = Release|Any CPU
		{1FF30F61-BD6F-1140-4B9D-613FC8D67DB8}.Debug|Any CPU.ActiveCfg = Debug|Any CPU
		{1FF30F61-BD6F-1140-4B9D-613FC8D67DB8}.Debug|Any CPU.Build.0 = Debug|Any CPU
		{1FF30F61-BD6F-1140-4B9D-613FC8D67DB8}.Release|Any CPU.ActiveCfg = Release|Any CPU
		{1FF30F61-BD6F-1140-4B9D-613FC8D67DB8}.Release|Any CPU.Build.0 = Release|Any CPU
		{F07DF66A-56DA-AE60-BD88-EA3F8CA8BE2D}.Debug|Any CPU.ActiveCfg = Debug|Any CPU
		{F07DF66A-56DA-AE60-BD88-EA3F8CA8BE2D}.Debug|Any CPU.Build.0 = Debug|Any CPU
		{F07DF66A-56DA-AE60-BD88-EA3F8CA8BE2D}.Release|Any CPU.ActiveCfg = Release|Any CPU
		{F07DF66A-56DA-AE60-BD88-EA3F8CA8BE2D}.Release|Any CPU.Build.0 = Release|Any CPU
		{5C25ADD7-CD79-EA57-50CE-2C312F27FE37}.Debug|Any CPU.ActiveCfg = Debug|Any CPU
		{5C25ADD7-CD79-EA57-50CE-2C312F27FE37}.Debug|Any CPU.Build.0 = Debug|Any CPU
		{5C25ADD7-CD79-EA57-50CE-2C312F27FE37}.Release|Any CPU.ActiveCfg = Release|Any CPU
		{5C25ADD7-CD79-EA57-50CE-2C312F27FE37}.Release|Any CPU.Build.0 = Release|Any CPU
		{AB454FB9-9B5A-3A7D-9D2F-01ABEE906F56}.Debug|Any CPU.ActiveCfg = Debug|Any CPU
		{AB454FB9-9B5A-3A7D-9D2F-01ABEE906F56}.Debug|Any CPU.Build.0 = Debug|Any CPU
		{AB454FB9-9B5A-3A7D-9D2F-01ABEE906F56}.Release|Any CPU.ActiveCfg = Release|Any CPU
		{AB454FB9-9B5A-3A7D-9D2F-01ABEE906F56}.Release|Any CPU.Build.0 = Release|Any CPU
		{5A6032FB-37EF-0314-8C1E-EC949CB9AF2F}.Debug|Any CPU.ActiveCfg = Debug|Any CPU
		{5A6032FB-37EF-0314-8C1E-EC949CB9AF2F}.Debug|Any CPU.Build.0 = Debug|Any CPU
		{5A6032FB-37EF-0314-8C1E-EC949CB9AF2F}.Release|Any CPU.ActiveCfg = Release|Any CPU
		{5A6032FB-37EF-0314-8C1E-EC949CB9AF2F}.Release|Any CPU.Build.0 = Release|Any CPU
		{736B8598-B096-F556-A23C-8246A7B1C6F8}.Debug|Any CPU.ActiveCfg = Debug|Any CPU
		{736B8598-B096-F556-A23C-8246A7B1C6F8}.Debug|Any CPU.Build.0 = Debug|Any CPU
		{736B8598-B096-F556-A23C-8246A7B1C6F8}.Release|Any CPU.ActiveCfg = Release|Any CPU
		{736B8598-B096-F556-A23C-8246A7B1C6F8}.Release|Any CPU.Build.0 = Release|Any CPU
		{A9ADAC64-55F4-0FE1-7D19-7EBB5B0B311E}.Debug|Any CPU.ActiveCfg = Debug|Any CPU
		{A9ADAC64-55F4-0FE1-7D19-7EBB5B0B311E}.Debug|Any CPU.Build.0 = Debug|Any CPU
		{A9ADAC64-55F4-0FE1-7D19-7EBB5B0B311E}.Release|Any CPU.ActiveCfg = Release|Any CPU
		{A9ADAC64-55F4-0FE1-7D19-7EBB5B0B311E}.Release|Any CPU.Build.0 = Release|Any CPU
		{D2B21EAE-DAA7-D706-8834-720361C0DB01}.Debug|Any CPU.ActiveCfg = Debug|Any CPU
		{D2B21EAE-DAA7-D706-8834-720361C0DB01}.Debug|Any CPU.Build.0 = Debug|Any CPU
		{D2B21EAE-DAA7-D706-8834-720361C0DB01}.Release|Any CPU.ActiveCfg = Release|Any CPU
		{D2B21EAE-DAA7-D706-8834-720361C0DB01}.Release|Any CPU.Build.0 = Release|Any CPU
		{7894FB10-37EB-0B2D-1D03-A534F8C716FA}.Debug|Any CPU.ActiveCfg = Debug|Any CPU
		{7894FB10-37EB-0B2D-1D03-A534F8C716FA}.Debug|Any CPU.Build.0 = Debug|Any CPU
		{7894FB10-37EB-0B2D-1D03-A534F8C716FA}.Release|Any CPU.ActiveCfg = Release|Any CPU
		{7894FB10-37EB-0B2D-1D03-A534F8C716FA}.Release|Any CPU.Build.0 = Release|Any CPU
		{72F3BA85-B7E9-F69C-13B8-3D2B7D158BF8}.Debug|Any CPU.ActiveCfg = Debug|Any CPU
		{72F3BA85-B7E9-F69C-13B8-3D2B7D158BF8}.Debug|Any CPU.Build.0 = Debug|Any CPU
		{72F3BA85-B7E9-F69C-13B8-3D2B7D158BF8}.Release|Any CPU.ActiveCfg = Release|Any CPU
		{72F3BA85-B7E9-F69C-13B8-3D2B7D158BF8}.Release|Any CPU.Build.0 = Release|Any CPU
	EndGlobalSection
	GlobalSection(SolutionProperties) = preSolution
		HideSolutionNode = FALSE
	EndGlobalSection
EndGlobal
